
Microsoft Visual Studio Solution File, Format Version 12.00
# Visual Studio Version 17
VisualStudioVersion = 17.8.34330.188
MinimumVisualStudioVersion = 10.0.40219.1
Project("{FAE04EC0-301F-11D3-BF4B-00C04F79EFBC}") = "TimezoneandWeather", "TimezoneandWeather\TimezoneandWeather.csproj", "{2655800E-6E38-4CD0-8C7F-EC7AF5C5AAAA}"
EndProject
Global
	GlobalSection(SolutionConfigurationPlatforms) = preSolution
		Debug|Any CPU = Debug|Any CPU
		Release|Any CPU = Release|Any CPU
	EndGlobalSection
	GlobalSection(ProjectConfigurationPlatforms) = postSolution
		{2655800E-6E38-4CD0-8C7F-EC7AF5C5AAAA}.Debug|Any CPU.ActiveCfg = Debug|Any CPU
		{2655800E-6E38-4CD0-8C7F-EC7AF5C5AAAA}.Debug|Any CPU.Build.0 = Debug|Any CPU
		{2655800E-6E38-4CD0-8C7F-EC7AF5C5AAAA}.Release|Any CPU.ActiveCfg = Release|Any CPU
		{2655800E-6E38-4CD0-8C7F-EC7AF5C5AAAA}.Release|Any CPU.Build.0 = Release|Any CPU
	EndGlobalSection
	GlobalSection(SolutionProperties) = preSolution
		HideSolutionNode = FALSE
	EndGlobalSection
	GlobalSection(ExtensibilityGlobals) = postSolution
		SolutionGuid = {80D71D08-0D20-49F5-AF7E-653BADDFB913}
	EndGlobalSection
EndGlobal
